Microsoft Visual Studio Solution File, Format Version 12.00
# Visual Studio Version 16
VisualStudioVersion = 16.0.30104.148
MinimumVisualStudioVersion = 10.0.40219.1
Project("{9A19103F-16F7-4668-BE54-9A1E7A4F7556}") = "SpirVTasks", "SpirVTasks\SpirVTasks.csproj", "{7B05B5A7-49E2-4D05-BEF8-734F70CDBF17}"
EndProject
Project("{9A19103F-16F7-4668-BE54-9A1E7A4F7556}") = "vke", "vke\vke.csproj", "{642726F4-0592-4846-8EAF-A5D1964C85A7}"
EndProject
Project("{2150E333-8FDC-42A3-9474-1A3956D46DE8}") = "global", "global", "{7285454A-930F-4536-AB84-C076B44C0C80}"
	ProjectSection(SolutionItems) = preProject
		Directory.Build.props = Directory.Build.props
		README.md = README.md
	EndProjectSection
EndProject
Project("{2150E333-8FDC-42A3-9474-1A3956D46DE8}") = "addons", "addons", "{4AA67AB0-C331-4CB2-9C00-B74F5DE31658}"
	ProjectSection(SolutionItems) = preProject
		addons\Directory.Build.props = addons\Directory.Build.props
	EndProjectSection
EndProject
Project("{9A19103F-16F7-4668-BE54-9A1E7A4F7556}") = "EnvironmentPipeline", "addons\EnvironmentPipeline\EnvironmentPipeline.csproj", "{F04C3F79-2E08-4D35-A804-43039DCB7F5E}"
EndProject
Project("{9A19103F-16F7-4668-BE54-9A1E7A4F7556}") = "DistanceFieldFont", "addons\DistanceFieldFont\DistanceFieldFont.csproj", "{FEF3AF30-5B88-4D3C-8BD7-8734200E0D1E}"
EndProject
Project("{9A19103F-16F7-4668-BE54-9A1E7A4F7556}") = "gltfLoader", "addons\gltfLoader\gltfLoader.csproj", "{F3BBF67D-7E63-48F3-8156-ADC014D268BB}"
EndProject
Project("{2150E333-8FDC-42A3-9474-1A3956D46DE8}") = "samples", "samples", "{16439374-B8DB-4643-8116-EB3358B49A12}"
	ProjectSection(SolutionItems) = preProject
		samples\Directory.Build.props = samples\Directory.Build.props
	EndProjectSection
EndProject
Project("{9A19103F-16F7-4668-BE54-9A1E7A4F7556}") = "ClearScreen", "samples\ClearScreen\ClearScreen.csproj", "{1D2A1968-8F04-4BE0-B03A-573F1F68AB66}"
EndProject
Project("{9A19103F-16F7-4668-BE54-9A1E7A4F7556}") = "Triangle", "samples\Triangle\Triangle.csproj", "{124152F8-FAE6-4D4B-87B9-6074DD365E9B}"
EndProject
Project("{9A19103F-16F7-4668-BE54-9A1E7A4F7556}") = "Textured", "samples\Textured\Textured.csproj", "{1B2DF710-E500-49E5-8802-EBA71A05E827}"
EndProject
Project("{9A19103F-16F7-4668-BE54-9A1E7A4F7556}") = "compute", "samples\compute\compute.csproj", "{5000CDE2-99B9-47EA-B4D9-EA1631F0E14A}"
EndProject
Project("{9A19103F-16F7-4668-BE54-9A1E7A4F7556}") = "DistanceFieldFontTest", "samples\DistanceFieldFontTest\DistanceFieldFontTest.csproj", "{77437C6D-28B5-4798-96CA-68F987770D65}"
EndProject
Project("{9A19103F-16F7-4668-BE54-9A1E7A4F7556}") = "TexturedCube", "samples\TexturedCube\TexturedCube.csproj", "{8185163E-A67C-4C0E-8548-67E2A9F16309}"
EndProject
Project("{9A19103F-16F7-4668-BE54-9A1E7A4F7556}") = "deferred", "samples\deferred\deferred.csproj", "{D9A41382-444E-44ED-B638-3D8F06F2FBC2}"
EndProject
Project("{9A19103F-16F7-4668-BE54-9A1E7A4F7556}") = "pbr", "samples\pbr\pbr.csproj", "{7EB2430B-6BC0-4AE9-B1FA-57C3DB2AE1C5}"
EndProject
Project("{FAE04EC0-301F-11D3-BF4B-00C04F79EFBC}") = "ExternalMemmories", "samples\ExternalMemmories\ExternalMemmories.csproj", "{85CD9813-E182-4ED1-8D2C-38467657BEF3}"
EndProject
Project("{FAE04EC0-301F-11D3-BF4B-00C04F79EFBC}") = "VulkanContext", "samples\VulkanContext\VulkanContext.csproj", "{CF8755E1-9E8B-4AD2-A7D1-D66D797004AD}"
EndProject
Global
	GlobalSection(SolutionConfigurationPlatforms) = preSolution
		BuildPackages|Any CPU = BuildPackages|Any CPU
		Debug|Any CPU = Debug|Any CPU
		Release|Any CPU = Release|Any CPU
		ReleaseSpirVTasks|Any CPU = ReleaseSpirVTasks|Any CPU
	EndGlobalSection
	GlobalSection(ProjectConfigurationPlatforms) = postSolution
		{7B05B5A7-49E2-4D05-BEF8-734F70CDBF17}.BuildPackages|Any CPU.ActiveCfg = Release|Any CPU
		{7B05B5A7-49E2-4D05-BEF8-734F70CDBF17}.BuildPackages|Any CPU.Build.0 = Release|Any CPU
		{7B05B5A7-49E2-4D05-BEF8-734F70CDBF17}.Debug|Any CPU.ActiveCfg = Debug|Any CPU
		{7B05B5A7-49E2-4D05-BEF8-734F70CDBF17}.Debug|Any CPU.Build.0 = Debug|Any CPU
		{7B05B5A7-49E2-4D05-BEF8-734F70CDBF17}.Release|Any CPU.ActiveCfg = Release|Any CPU
		{7B05B5A7-49E2-4D05-BEF8-734F70CDBF17}.Release|Any CPU.Build.0 = Release|Any CPU
		{7B05B5A7-49E2-4D05-BEF8-734F70CDBF17}.ReleaseSpirVTasks|Any CPU.ActiveCfg = Release|Any CPU
		{7B05B5A7-49E2-4D05-BEF8-734F70CDBF17}.ReleaseSpirVTasks|Any CPU.Build.0 = Release|Any CPU
		{642726F4-0592-4846-8EAF-A5D1964C85A7}.BuildPackages|Any CPU.ActiveCfg = Release|Any CPU
		{642726F4-0592-4846-8EAF-A5D1964C85A7}.BuildPackages|Any CPU.Build.0 = Release|Any CPU
		{642726F4-0592-4846-8EAF-A5D1964C85A7}.Debug|Any CPU.ActiveCfg = Debug|Any CPU
		{642726F4-0592-4846-8EAF-A5D1964C85A7}.Debug|Any CPU.Build.0 = Debug|Any CPU
		{642726F4-0592-4846-8EAF-A5D1964C85A7}.Release|Any CPU.ActiveCfg = Release|Any CPU
		{642726F4-0592-4846-8EAF-A5D1964C85A7}.Release|Any CPU.Build.0 = Release|Any CPU
		{642726F4-0592-4846-8EAF-A5D1964C85A7}.ReleaseSpirVTasks|Any CPU.ActiveCfg = Release|Any CPU
		{F04C3F79-2E08-4D35-A804-43039DCB7F5E}.BuildPackages|Any CPU.ActiveCfg = Release|Any CPU
		{F04C3F79-2E08-4D35-A804-43039DCB7F5E}.BuildPackages|Any CPU.Build.0 = Release|Any CPU
		{F04C3F79-2E08-4D35-A804-43039DCB7F5E}.Debug|Any CPU.ActiveCfg = Debug|Any CPU
		{F04C3F79-2E08-4D35-A804-43039DCB7F5E}.Debug|Any CPU.Build.0 = Debug|Any CPU
		{F04C3F79-2E08-4D35-A804-43039DCB7F5E}.Release|Any CPU.ActiveCfg = Release|Any CPU
		{F04C3F79-2E08-4D35-A804-43039DCB7F5E}.Release|Any CPU.Build.0 = Release|Any CPU
		{F04C3F79-2E08-4D35-A804-43039DCB7F5E}.ReleaseSpirVTasks|Any CPU.ActiveCfg = Release|Any CPU
		{FEF3AF30-5B88-4D3C-8BD7-8734200E0D1E}.BuildPackages|Any CPU.ActiveCfg = Release|Any CPU
		{FEF3AF30-5B88-4D3C-8BD7-8734200E0D1E}.BuildPackages|Any CPU.Build.0 = Release|Any CPU
		{FEF3AF30-5B88-4D3C-8BD7-8734200E0D1E}.Debug|Any CPU.ActiveCfg = Debug|Any CPU
		{FEF3AF30-5B88-4D3C-8BD7-8734200E0D1E}.Debug|Any CPU.Build.0 = Debug|Any CPU
		{FEF3AF30-5B88-4D3C-8BD7-8734200E0D1E}.Release|Any CPU.ActiveCfg = Release|Any CPU
		{FEF3AF30-5B88-4D3C-8BD7-8734200E0D1E}.Release|Any CPU.Build.0 = Release|Any CPU
		{FEF3AF30-5B88-4D3C-8BD7-8734200E0D1E}.ReleaseSpirVTasks|Any CPU.ActiveCfg = Release|Any CPU
		{F3BBF67D-7E63-48F3-8156-ADC014D268BB}.BuildPackages|Any CPU.ActiveCfg = Release|Any CPU
		{F3BBF67D-7E63-48F3-8156-ADC014D268BB}.BuildPackages|Any CPU.Build.0 = Release|Any CPU
		{F3BBF67D-7E63-48F3-8156-ADC014D268BB}.Debug|Any CPU.ActiveCfg = Debug|Any CPU
		{F3BBF67D-7E63-48F3-8156-ADC014D268BB}.Debug|Any CPU.Build.0 = Debug|Any CPU
		{F3BBF67D-7E63-48F3-8156-ADC014D268BB}.Release|Any CPU.ActiveCfg = Release|Any CPU
		{F3BBF67D-7E63-48F3-8156-ADC014D268BB}.Release|Any CPU.Build.0 = Release|Any CPU
		{F3BBF67D-7E63-48F3-8156-ADC014D268BB}.ReleaseSpirVTasks|Any CPU.ActiveCfg = Release|Any CPU
		{1D2A1968-8F04-4BE0-B03A-573F1F68AB66}.BuildPackages|Any CPU.ActiveCfg = Release|Any CPU
		{1D2A1968-8F04-4BE0-B03A-573F1F68AB66}.BuildPackages|Any CPU.Build.0 = Release|Any CPU
		{1D2A1968-8F04-4BE0-B03A-573F1F68AB66}.Debug|Any CPU.ActiveCfg = Debug|Any CPU
		{1D2A1968-8F04-4BE0-B03A-573F1F68AB66}.Debug|Any CPU.Build.0 = Debug|Any CPU
		{1D2A1968-8F04-4BE0-B03A-573F1F68AB66}.Release|Any CPU.ActiveCfg = Release|Any CPU
		{1D2A1968-8F04-4BE0-B03A-573F1F68AB66}.Release|Any CPU.Build.0 = Release|Any CPU
		{1D2A1968-8F04-4BE0-B03A-573F1F68AB66}.ReleaseSpirVTasks|Any CPU.ActiveCfg = Debug|Any CPU
		{124152F8-FAE6-4D4B-87B9-6074DD365E9B}.BuildPackages|Any CPU.ActiveCfg = Release|Any CPU
		{124152F8-FAE6-4D4B-87B9-6074DD365E9B}.Debug|Any CPU.ActiveCfg = Debug|Any CPU
		{124152F8-FAE6-4D4B-87B9-6074DD365E9B}.Debug|Any CPU.Build.0 = Debug|Any CPU
		{124152F8-FAE6-4D4B-87B9-6074DD365E9B}.Release|Any CPU.ActiveCfg = Release|Any CPU
		{124152F8-FAE6-4D4B-87B9-6074DD365E9B}.Release|Any CPU.Build.0 = Release|Any CPU
		{124152F8-FAE6-4D4B-87B9-6074DD365E9B}.ReleaseSpirVTasks|Any CPU.ActiveCfg = Release|Any CPU
		{1B2DF710-E500-49E5-8802-EBA71A05E827}.BuildPackages|Any CPU.ActiveCfg = Release|Any CPU
		{1B2DF710-E500-49E5-8802-EBA71A05E827}.Debug|Any CPU.ActiveCfg = Debug|Any CPU
		{1B2DF710-E500-49E5-8802-EBA71A05E827}.Debug|Any CPU.Build.0 = Debug|Any CPU
		{1B2DF710-E500-49E5-8802-EBA71A05E827}.Release|Any CPU.ActiveCfg = Release|Any CPU
		{1B2DF710-E500-49E5-8802-EBA71A05E827}.Release|Any CPU.Build.0 = Release|Any CPU
		{1B2DF710-E500-49E5-8802-EBA71A05E827}.ReleaseSpirVTasks|Any CPU.ActiveCfg = Release|Any CPU
		{5000CDE2-99B9-47EA-B4D9-EA1631F0E14A}.BuildPackages|Any CPU.ActiveCfg = Release|Any CPU
		{5000CDE2-99B9-47EA-B4D9-EA1631F0E14A}.Debug|Any CPU.ActiveCfg = Debug|Any CPU
		{5000CDE2-99B9-47EA-B4D9-EA1631F0E14A}.Debug|Any CPU.Build.0 = Debug|Any CPU
		{5000CDE2-99B9-47EA-B4D9-EA1631F0E14A}.Release|Any CPU.ActiveCfg = Release|Any CPU
		{5000CDE2-99B9-47EA-B4D9-EA1631F0E14A}.Release|Any CPU.Build.0 = Release|Any CPU
		{5000CDE2-99B9-47EA-B4D9-EA1631F0E14A}.ReleaseSpirVTasks|Any CPU.ActiveCfg = Release|Any CPU
		{77437C6D-28B5-4798-96CA-68F987770D65}.BuildPackages|Any CPU.ActiveCfg = Release|Any CPU
		{77437C6D-28B5-4798-96CA-68F987770D65}.Debug|Any CPU.ActiveCfg = Debug|Any CPU
		{77437C6D-28B5-4798-96CA-68F987770D65}.Debug|Any CPU.Build.0 = Debug|Any CPU
		{77437C6D-28B5-4798-96CA-68F987770D65}.Release|Any CPU.ActiveCfg = Release|Any CPU
		{77437C6D-28B5-4798-96CA-68F987770D65}.Release|Any CPU.Build.0 = Release|Any CPU
		{77437C6D-28B5-4798-96CA-68F987770D65}.ReleaseSpirVTasks|Any CPU.ActiveCfg = Release|Any CPU
		{8185163E-A67C-4C0E-8548-67E2A9F16309}.BuildPackages|Any CPU.ActiveCfg = Release|Any CPU
		{8185163E-A67C-4C0E-8548-67E2A9F16309}.Debug|Any CPU.ActiveCfg = Debug|Any CPU
		{8185163E-A67C-4C0E-8548-67E2A9F16309}.Debug|Any CPU.Build.0 = Debug|Any CPU
		{8185163E-A67C-4C0E-8548-67E2A9F16309}.Release|Any CPU.ActiveCfg = Release|Any CPU
		{8185163E-A67C-4C0E-8548-67E2A9F16309}.Release|Any CPU.Build.0 = Release|Any CPU
		{8185163E-A67C-4C0E-8548-67E2A9F16309}.ReleaseSpirVTasks|Any CPU.ActiveCfg = Release|Any CPU
		{D9A41382-444E-44ED-B638-3D8F06F2FBC2}.BuildPackages|Any CPU.ActiveCfg = Release|Any CPU
		{D9A41382-444E-44ED-B638-3D8F06F2FBC2}.Debug|Any CPU.ActiveCfg = Debug|Any CPU
		{D9A41382-444E-44ED-B638-3D8F06F2FBC2}.Debug|Any CPU.Build.0 = Debug|Any CPU
		{D9A41382-444E-44ED-B638-3D8F06F2FBC2}.Release|Any CPU.ActiveCfg = Release|Any CPU
		{D9A41382-444E-44ED-B638-3D8F06F2FBC2}.Release|Any CPU.Build.0 = Release|Any CPU
		{D9A41382-444E-44ED-B638-3D8F06F2FBC2}.ReleaseSpirVTasks|Any CPU.ActiveCfg = Release|Any CPU
		{7EB2430B-6BC0-4AE9-B1FA-57C3DB2AE1C5}.BuildPackages|Any CPU.ActiveCfg = Release|Any CPU
		{7EB2430B-6BC0-4AE9-B1FA-57C3DB2AE1C5}.Debug|Any CPU.ActiveCfg = Debug|Any CPU
		{7EB2430B-6BC0-4AE9-B1FA-57C3DB2AE1C5}.Debug|Any CPU.Build.0 = Debug|Any CPU
		{7EB2430B-6BC0-4AE9-B1FA-57C3DB2AE1C5}.Release|Any CPU.ActiveCfg = Release|Any CPU
		{7EB2430B-6BC0-4AE9-B1FA-57C3DB2AE1C5}.Release|Any CPU.Build.0 = Release|Any CPU
		{7EB2430B-6BC0-4AE9-B1FA-57C3DB2AE1C5}.ReleaseSpirVTasks|Any CPU.ActiveCfg = Release|Any CPU
		{85CD9813-E182-4ED1-8D2C-38467657BEF3}.BuildPackages|Any CPU.ActiveCfg = Debug|Any CPU
		{85CD9813-E182-4ED1-8D2C-38467657BEF3}.BuildPackages|Any CPU.Build.0 = Debug|Any CPU
		{85CD9813-E182-4ED1-8D2C-38467657BEF3}.Debug|Any CPU.ActiveCfg = Debug|Any CPU
		{85CD9813-E182-4ED1-8D2C-38467657BEF3}.Debug|Any CPU.Build.0 = Debug|Any CPU
		{85CD9813-E182-4ED1-8D2C-38467657BEF3}.Release|Any CPU.ActiveCfg = Release|Any CPU
		{85CD9813-E182-4ED1-8D2C-38467657BEF3}.Release|Any CPU.Build.0 = Release|Any CPU
		{85CD9813-E182-4ED1-8D2C-38467657BEF3}.ReleaseSpirVTasks|Any CPU.ActiveCfg = Debug|Any CPU
		{85CD9813-E182-4ED1-8D2C-38467657BEF3}.ReleaseSpirVTasks|Any CPU.Build.0 = Debug|Any CPU
		{CF8755E1-9E8B-4AD2-A7D1-D66D797004AD}.BuildPackages|Any CPU.ActiveCfg = Debug|Any CPU
		{CF8755E1-9E8B-4AD2-A7D1-D66D797004AD}.BuildPackages|Any CPU.Build.0 = Debug|Any CPU
		{CF8755E1-9E8B-4AD2-A7D1-D66D797004AD}.Debug|Any CPU.ActiveCfg = Debug|Any CPU
		{CF8755E1-9E8B-4AD2-A7D1-D66D797004AD}.Debug|Any CPU.Build.0 = Debug|Any CPU
		{CF8755E1-9E8B-4AD2-A7D1-D66D797004AD}.Release|Any CPU.ActiveCfg = Release|Any CPU
		{CF8755E1-9E8B-4AD2-A7D1-D66D797004AD}.Release|Any CPU.Build.0 = Release|Any CPU
		{CF8755E1-9E8B-4AD2-A7D1-D66D797004AD}.ReleaseSpirVTasks|Any CPU.ActiveCfg = Debug|Any CPU
		{CF8755E1-9E8B-4AD2-A7D1-D66D797004AD}.ReleaseSpirVTasks|Any CPU.Build.0 = Debug|Any CPU
	EndGlobalSection
	GlobalSection(SolutionProperties) = preSolution
		HideSolutionNode = FALSE
	EndGlobalSection
	GlobalSection(NestedProjects) = preSolution
		{F04C3F79-2E08-4D35-A804-43039DCB7F5E} = {4AA67AB0-C331-4CB2-9C00-B74F5DE31658}
		{FEF3AF30-5B88-4D3C-8BD7-8734200E0D1E} = {4AA67AB0-C331-4CB2-9C00-B74F5DE31658}
		{F3BBF67D-7E63-48F3-8156-ADC014D268BB} = {4AA67AB0-C331-4CB2-9C00-B74F5DE31658}
		{1D2A1968-8F04-4BE0-B03A-573F1F68AB66} = {16439374-B8DB-4643-8116-EB3358B49A12}
		{124152F8-FAE6-4D4B-87B9-6074DD365E9B} = {16439374-B8DB-4643-8116-EB3358B49A12}
		{1B2DF710-E500-49E5-8802-EBA71A05E827} = {16439374-B8DB-4643-8116-EB3358B49A12}
		{5000CDE2-99B9-47EA-B4D9-EA1631F0E14A} = {16439374-B8DB-4643-8116-EB3358B49A12}
		{77437C6D-28B5-4798-96CA-68F987770D65} = {16439374-B8DB-4643-8116-EB3358B49A12}
		{8185163E-A67C-4C0E-8548-67E2A9F16309} = {16439374-B8DB-4643-8116-EB3358B49A12}
		{D9A41382-444E-44ED-B638-3D8F06F2FBC2} = {16439374-B8DB-4643-8116-EB3358B49A12}
		{7EB2430B-6BC0-4AE9-B1FA-57C3DB2AE1C5} = {16439374-B8DB-4643-8116-EB3358B49A12}
		{85CD9813-E182-4ED1-8D2C-38467657BEF3} = {16439374-B8DB-4643-8116-EB3358B49A12}
		{CF8755E1-9E8B-4AD2-A7D1-D66D797004AD} = {16439374-B8DB-4643-8116-EB3358B49A12}
	EndGlobalSection
	GlobalSection(ExtensibilityGlobals) = postSolution
		SolutionGuid = {1360F94D-CF3C-4121-A8D7-E227F41668F1}
	EndGlobalSection
	GlobalSection(MonoDevelopProperties) = preSolution
		Policies = $0
		$0.TextStylePolicy = $1
		$1.FileWidth = 80
		$1.scope = text/x-cgsrc
	EndGlobalSection
EndGlobal
