
Microsoft Visual Studio Solution File, Format Version 12.00
# Visual Studio 15
Project("{FAE04EC0-301F-11D3-BF4B-00C04F79EFBC}") = "SpirVTasks", "SpirVTasks\SpirVTasks.csproj", "{7B05B5A7-49E2-4D05-BEF8-734F70CDBF17}"
EndProject
Project("{FAE04EC0-301F-11D3-BF4B-00C04F79EFBC}") = "vke", "vke\vke.csproj", "{642726F4-0592-4846-8EAF-A5D1964C85A7}"
EndProject
Project("{2150E333-8FDC-42A3-9474-1A3956D46DE8}") = "addons", "addons", "{4AA67AB0-C331-4CB2-9C00-B74F5DE31658}"
EndProject
Project("{FAE04EC0-301F-11D3-BF4B-00C04F79EFBC}") = "EnvironmentPipeline", "addons\EnvironmentPipeline\EnvironmentPipeline.csproj", "{F04C3F79-2E08-4D35-A804-43039DCB7F5E}"
EndProject
Project("{FAE04EC0-301F-11D3-BF4B-00C04F79EFBC}") = "DistanceFieldFont", "addons\DistanceFieldFont\DistanceFieldFont.csproj", "{FEF3AF30-5B88-4D3C-8BD7-8734200E0D1E}"
EndProject
Project("{FAE04EC0-301F-11D3-BF4B-00C04F79EFBC}") = "gltfLoader", "addons\gltfLoader\gltfLoader.csproj", "{F3BBF67D-7E63-48F3-8156-ADC014D268BB}"
EndProject
Project("{FAE04EC0-301F-11D3-BF4B-00C04F79EFBC}") = "VkvgPipeline", "addons\VkvgPipeline\VkvgPipeline.csproj", "{611541A0-CE88-4A83-A6FF-3917971841C9}"
EndProject
Project("{2150E333-8FDC-42A3-9474-1A3956D46DE8}") = "samples", "samples", "{16439374-B8DB-4643-8116-EB3358B49A12}"
EndProject
Project("{FAE04EC0-301F-11D3-BF4B-00C04F79EFBC}") = "Triangle", "samples\Triangle\Triangle.csproj", "{124152F8-FAE6-4D4B-87B9-6074DD365E9B}"
EndProject
Project("{FAE04EC0-301F-11D3-BF4B-00C04F79EFBC}") = "Textured", "samples\Textured\Textured.csproj", "{1B2DF710-E500-49E5-8802-EBA71A05E827}"
EndProject
Project("{FAE04EC0-301F-11D3-BF4B-00C04F79EFBC}") = "compute", "samples\compute\compute.csproj", "{5000CDE2-99B9-47EA-B4D9-EA1631F0E14A}"
EndProject
Project("{FAE04EC0-301F-11D3-BF4B-00C04F79EFBC}") = "DistanceFieldFontTest", "samples\DistanceFieldFontTest\DistanceFieldFontTest.csproj", "{77437C6D-28B5-4798-96CA-68F987770D65}"
EndProject
Project("{FAE04EC0-301F-11D3-BF4B-00C04F79EFBC}") = "Model", "samples\Model\Model.csproj", "{A7D3FB7F-769B-4F36-9E3E-3FB71F24D306}"
EndProject
Project("{FAE04EC0-301F-11D3-BF4B-00C04F79EFBC}") = "TexturedCube", "samples\TexturedCube\TexturedCube.csproj", "{8185163E-A67C-4C0E-8548-67E2A9F16309}"
EndProject
Project("{FAE04EC0-301F-11D3-BF4B-00C04F79EFBC}") = "deferred", "samples\deferred\deferred.csproj", "{D9A41382-444E-44ED-B638-3D8F06F2FBC2}"
EndProject
Project("{FAE04EC0-301F-11D3-BF4B-00C04F79EFBC}") = "pbr", "samples\pbr\pbr.csproj", "{7EB2430B-6BC0-4AE9-B1FA-57C3DB2AE1C5}"
EndProject
Global
	GlobalSection(SolutionConfigurationPlatforms) = preSolution
		Debug|Any CPU = Debug|Any CPU
		Release|Any CPU = Release|Any CPU
		DebugCrow|Any CPU = DebugCrow|Any CPU
		ReleaseSpirVTasks|Any CPU = ReleaseSpirVTasks|Any CPU
		BuildPackages|Any CPU = BuildPackages|Any CPU
	EndGlobalSection
	GlobalSection(ProjectConfigurationPlatforms) = postSolution
		{642726F4-0592-4846-8EAF-A5D1964C85A7}.Debug|Any CPU.ActiveCfg = Debug|Any CPU
		{642726F4-0592-4846-8EAF-A5D1964C85A7}.Release|Any CPU.ActiveCfg = Release|Any CPU
		{642726F4-0592-4846-8EAF-A5D1964C85A7}.Release|Any CPU.Build.0 = Release|Any CPU
		{642726F4-0592-4846-8EAF-A5D1964C85A7}.DebugCrow|Any CPU.ActiveCfg = Debug|Any CPU
		{642726F4-0592-4846-8EAF-A5D1964C85A7}.DebugCrow|Any CPU.Build.0 = Debug|Any CPU
		{642726F4-0592-4846-8EAF-A5D1964C85A7}.Debug|Any CPU.Build.0 = Debug|Any CPU
		{642726F4-0592-4846-8EAF-A5D1964C85A7}.BuildPackages|Any CPU.ActiveCfg = Release|Any CPU
		{642726F4-0592-4846-8EAF-A5D1964C85A7}.BuildPackages|Any CPU.Build.0 = Release|Any CPU
		{FEF3AF30-5B88-4D3C-8BD7-8734200E0D1E}.Debug|Any CPU.ActiveCfg = Debug|Any CPU
		{FEF3AF30-5B88-4D3C-8BD7-8734200E0D1E}.Release|Any CPU.ActiveCfg = Release|Any CPU
		{FEF3AF30-5B88-4D3C-8BD7-8734200E0D1E}.Release|Any CPU.Build.0 = Release|Any CPU
		{FEF3AF30-5B88-4D3C-8BD7-8734200E0D1E}.DebugCrow|Any CPU.ActiveCfg = Debug|Any CPU
		{FEF3AF30-5B88-4D3C-8BD7-8734200E0D1E}.DebugCrow|Any CPU.Build.0 = Debug|Any CPU
		{FEF3AF30-5B88-4D3C-8BD7-8734200E0D1E}.Debug|Any CPU.Build.0 = Debug|Any CPU
		{FEF3AF30-5B88-4D3C-8BD7-8734200E0D1E}.BuildPackages|Any CPU.ActiveCfg = Release|Any CPU
		{FEF3AF30-5B88-4D3C-8BD7-8734200E0D1E}.BuildPackages|Any CPU.Build.0 = Release|Any CPU
		{F3BBF67D-7E63-48F3-8156-ADC014D268BB}.Debug|Any CPU.ActiveCfg = Debug|Any CPU
		{F3BBF67D-7E63-48F3-8156-ADC014D268BB}.Release|Any CPU.ActiveCfg = Release|Any CPU
		{F3BBF67D-7E63-48F3-8156-ADC014D268BB}.Release|Any CPU.Build.0 = Release|Any CPU
		{F3BBF67D-7E63-48F3-8156-ADC014D268BB}.DebugCrow|Any CPU.ActiveCfg = Debug|Any CPU
		{F3BBF67D-7E63-48F3-8156-ADC014D268BB}.DebugCrow|Any CPU.Build.0 = Debug|Any CPU
		{F3BBF67D-7E63-48F3-8156-ADC014D268BB}.Debug|Any CPU.Build.0 = Debug|Any CPU
		{F3BBF67D-7E63-48F3-8156-ADC014D268BB}.BuildPackages|Any CPU.ActiveCfg = Release|Any CPU
		{F3BBF67D-7E63-48F3-8156-ADC014D268BB}.BuildPackages|Any CPU.Build.0 = Release|Any CPU
		{611541A0-CE88-4A83-A6FF-3917971841C9}.Debug|Any CPU.ActiveCfg = Debug|Any CPU
		{611541A0-CE88-4A83-A6FF-3917971841C9}.Release|Any CPU.ActiveCfg = Release|Any CPU
		{611541A0-CE88-4A83-A6FF-3917971841C9}.Release|Any CPU.Build.0 = Release|Any CPU
		{611541A0-CE88-4A83-A6FF-3917971841C9}.DebugCrow|Any CPU.ActiveCfg = Debug|Any CPU
		{611541A0-CE88-4A83-A6FF-3917971841C9}.DebugCrow|Any CPU.Build.0 = Debug|Any CPU
		{611541A0-CE88-4A83-A6FF-3917971841C9}.Debug|Any CPU.Build.0 = Debug|Any CPU
		{611541A0-CE88-4A83-A6FF-3917971841C9}.BuildPackages|Any CPU.ActiveCfg = Release|Any CPU
		{611541A0-CE88-4A83-A6FF-3917971841C9}.BuildPackages|Any CPU.Build.0 = Release|Any CPU
		{5000CDE2-99B9-47EA-B4D9-EA1631F0E14A}.Debug|Any CPU.ActiveCfg = Debug|Any CPU
		{5000CDE2-99B9-47EA-B4D9-EA1631F0E14A}.Release|Any CPU.ActiveCfg = Release|Any CPU
		{5000CDE2-99B9-47EA-B4D9-EA1631F0E14A}.DebugCrow|Any CPU.ActiveCfg = Debug|Any CPU
		{5000CDE2-99B9-47EA-B4D9-EA1631F0E14A}.DebugCrow|Any CPU.Build.0 = Debug|Any CPU
		{5000CDE2-99B9-47EA-B4D9-EA1631F0E14A}.Debug|Any CPU.Build.0 = Debug|Any CPU
		{5000CDE2-99B9-47EA-B4D9-EA1631F0E14A}.Release|Any CPU.Build.0 = Release|Any CPU
		{5000CDE2-99B9-47EA-B4D9-EA1631F0E14A}.BuildPackages|Any CPU.ActiveCfg = Release|Any CPU
		{77437C6D-28B5-4798-96CA-68F987770D65}.Debug|Any CPU.ActiveCfg = Debug|Any CPU
		{77437C6D-28B5-4798-96CA-68F987770D65}.Release|Any CPU.ActiveCfg = Release|Any CPU
		{77437C6D-28B5-4798-96CA-68F987770D65}.DebugCrow|Any CPU.ActiveCfg = Debug|Any CPU
		{77437C6D-28B5-4798-96CA-68F987770D65}.DebugCrow|Any CPU.Build.0 = Debug|Any CPU
		{77437C6D-28B5-4798-96CA-68F987770D65}.Debug|Any CPU.Build.0 = Debug|Any CPU
		{77437C6D-28B5-4798-96CA-68F987770D65}.Release|Any CPU.Build.0 = Release|Any CPU
		{77437C6D-28B5-4798-96CA-68F987770D65}.BuildPackages|Any CPU.ActiveCfg = Release|Any CPU
		{A7D3FB7F-769B-4F36-9E3E-3FB71F24D306}.Debug|Any CPU.ActiveCfg = Debug|Any CPU
		{A7D3FB7F-769B-4F36-9E3E-3FB71F24D306}.Release|Any CPU.ActiveCfg = Release|Any CPU
		{A7D3FB7F-769B-4F36-9E3E-3FB71F24D306}.DebugCrow|Any CPU.ActiveCfg = Debug|Any CPU
		{A7D3FB7F-769B-4F36-9E3E-3FB71F24D306}.DebugCrow|Any CPU.Build.0 = Debug|Any CPU
		{A7D3FB7F-769B-4F36-9E3E-3FB71F24D306}.Debug|Any CPU.Build.0 = Debug|Any CPU
		{A7D3FB7F-769B-4F36-9E3E-3FB71F24D306}.Release|Any CPU.Build.0 = Release|Any CPU
		{A7D3FB7F-769B-4F36-9E3E-3FB71F24D306}.BuildPackages|Any CPU.ActiveCfg = Release|Any CPU
		{1B2DF710-E500-49E5-8802-EBA71A05E827}.Debug|Any CPU.ActiveCfg = Debug|Any CPU
		{1B2DF710-E500-49E5-8802-EBA71A05E827}.Release|Any CPU.ActiveCfg = Release|Any CPU
		{1B2DF710-E500-49E5-8802-EBA71A05E827}.DebugCrow|Any CPU.ActiveCfg = Debug|Any CPU
		{1B2DF710-E500-49E5-8802-EBA71A05E827}.DebugCrow|Any CPU.Build.0 = Debug|Any CPU
		{1B2DF710-E500-49E5-8802-EBA71A05E827}.Debug|Any CPU.Build.0 = Debug|Any CPU
		{1B2DF710-E500-49E5-8802-EBA71A05E827}.Release|Any CPU.Build.0 = Release|Any CPU
		{1B2DF710-E500-49E5-8802-EBA71A05E827}.BuildPackages|Any CPU.ActiveCfg = Release|Any CPU
		{8185163E-A67C-4C0E-8548-67E2A9F16309}.Debug|Any CPU.ActiveCfg = Debug|Any CPU
		{8185163E-A67C-4C0E-8548-67E2A9F16309}.Release|Any CPU.ActiveCfg = Release|Any CPU
		{8185163E-A67C-4C0E-8548-67E2A9F16309}.DebugCrow|Any CPU.ActiveCfg = Debug|Any CPU
		{8185163E-A67C-4C0E-8548-67E2A9F16309}.DebugCrow|Any CPU.Build.0 = Debug|Any CPU
		{8185163E-A67C-4C0E-8548-67E2A9F16309}.Debug|Any CPU.Build.0 = Debug|Any CPU
		{8185163E-A67C-4C0E-8548-67E2A9F16309}.Release|Any CPU.Build.0 = Release|Any CPU
		{8185163E-A67C-4C0E-8548-67E2A9F16309}.BuildPackages|Any CPU.ActiveCfg = Release|Any CPU
		{7B05B5A7-49E2-4D05-BEF8-734F70CDBF17}.Debug|Any CPU.ActiveCfg = Debug|Any CPU
		{7B05B5A7-49E2-4D05-BEF8-734F70CDBF17}.Release|Any CPU.ActiveCfg = Release|Any CPU
		{7B05B5A7-49E2-4D05-BEF8-734F70CDBF17}.Release|Any CPU.Build.0 = Release|Any CPU
		{7B05B5A7-49E2-4D05-BEF8-734F70CDBF17}.DebugCrow|Any CPU.ActiveCfg = Debug|Any CPU
		{7B05B5A7-49E2-4D05-BEF8-734F70CDBF17}.DebugCrow|Any CPU.Build.0 = Debug|Any CPU
		{7B05B5A7-49E2-4D05-BEF8-734F70CDBF17}.Debug|Any CPU.Build.0 = Debug|Any CPU
		{7B05B5A7-49E2-4D05-BEF8-734F70CDBF17}.BuildPackages|Any CPU.ActiveCfg = Release|Any CPU
		{7B05B5A7-49E2-4D05-BEF8-734F70CDBF17}.BuildPackages|Any CPU.Build.0 = Release|Any CPU
		{F04C3F79-2E08-4D35-A804-43039DCB7F5E}.Debug|Any CPU.ActiveCfg = Debug|Any CPU
		{F04C3F79-2E08-4D35-A804-43039DCB7F5E}.Release|Any CPU.ActiveCfg = Release|Any CPU
		{F04C3F79-2E08-4D35-A804-43039DCB7F5E}.Release|Any CPU.Build.0 = Release|Any CPU
		{F04C3F79-2E08-4D35-A804-43039DCB7F5E}.DebugCrow|Any CPU.ActiveCfg = Debug|Any CPU
		{F04C3F79-2E08-4D35-A804-43039DCB7F5E}.DebugCrow|Any CPU.Build.0 = Debug|Any CPU
		{F04C3F79-2E08-4D35-A804-43039DCB7F5E}.Debug|Any CPU.Build.0 = Debug|Any CPU
		{F04C3F79-2E08-4D35-A804-43039DCB7F5E}.BuildPackages|Any CPU.ActiveCfg = Release|Any CPU
		{F04C3F79-2E08-4D35-A804-43039DCB7F5E}.BuildPackages|Any CPU.Build.0 = Release|Any CPU
		{D9A41382-444E-44ED-B638-3D8F06F2FBC2}.Debug|Any CPU.ActiveCfg = Debug|Any CPU
		{D9A41382-444E-44ED-B638-3D8F06F2FBC2}.Release|Any CPU.ActiveCfg = Release|Any CPU
		{D9A41382-444E-44ED-B638-3D8F06F2FBC2}.DebugCrow|Any CPU.ActiveCfg = DebugCrow|Any CPU
		{D9A41382-444E-44ED-B638-3D8F06F2FBC2}.DebugCrow|Any CPU.Build.0 = DebugCrow|Any CPU
		{D9A41382-444E-44ED-B638-3D8F06F2FBC2}.Debug|Any CPU.Build.0 = Debug|Any CPU
		{D9A41382-444E-44ED-B638-3D8F06F2FBC2}.Release|Any CPU.Build.0 = Release|Any CPU
		{D9A41382-444E-44ED-B638-3D8F06F2FBC2}.BuildPackages|Any CPU.ActiveCfg = Release|Any CPU
		{124152F8-FAE6-4D4B-87B9-6074DD365E9B}.Debug|Any CPU.ActiveCfg = Debug|Any CPU
		{124152F8-FAE6-4D4B-87B9-6074DD365E9B}.Release|Any CPU.ActiveCfg = Release|Any CPU
		{124152F8-FAE6-4D4B-87B9-6074DD365E9B}.DebugCrow|Any CPU.ActiveCfg = Debug|Any CPU
		{124152F8-FAE6-4D4B-87B9-6074DD365E9B}.DebugCrow|Any CPU.Build.0 = Debug|Any CPU
		{124152F8-FAE6-4D4B-87B9-6074DD365E9B}.Debug|Any CPU.Build.0 = Debug|Any CPU
		{124152F8-FAE6-4D4B-87B9-6074DD365E9B}.Release|Any CPU.Build.0 = Release|Any CPU
		{124152F8-FAE6-4D4B-87B9-6074DD365E9B}.BuildPackages|Any CPU.ActiveCfg = Release|Any CPU
		{7EB2430B-6BC0-4AE9-B1FA-57C3DB2AE1C5}.Debug|Any CPU.ActiveCfg = Debug|Any CPU
		{7EB2430B-6BC0-4AE9-B1FA-57C3DB2AE1C5}.Debug|Any CPU.Build.0 = Debug|Any CPU
		{7EB2430B-6BC0-4AE9-B1FA-57C3DB2AE1C5}.Release|Any CPU.ActiveCfg = Release|Any CPU
		{7EB2430B-6BC0-4AE9-B1FA-57C3DB2AE1C5}.DebugCrow|Any CPU.ActiveCfg = Debug|Any CPU
		{7EB2430B-6BC0-4AE9-B1FA-57C3DB2AE1C5}.DebugCrow|Any CPU.Build.0 = Debug|Any CPU
		{7EB2430B-6BC0-4AE9-B1FA-57C3DB2AE1C5}.Release|Any CPU.Build.0 = Release|Any CPU
		{7EB2430B-6BC0-4AE9-B1FA-57C3DB2AE1C5}.BuildPackages|Any CPU.ActiveCfg = Release|Any CPU
	EndGlobalSection
	GlobalSection(NestedProjects) = preSolution
		{FEF3AF30-5B88-4D3C-8BD7-8734200E0D1E} = {4AA67AB0-C331-4CB2-9C00-B74F5DE31658}
		{F3BBF67D-7E63-48F3-8156-ADC014D268BB} = {4AA67AB0-C331-4CB2-9C00-B74F5DE31658}
		{611541A0-CE88-4A83-A6FF-3917971841C9} = {4AA67AB0-C331-4CB2-9C00-B74F5DE31658}
		{5000CDE2-99B9-47EA-B4D9-EA1631F0E14A} = {16439374-B8DB-4643-8116-EB3358B49A12}
		{77437C6D-28B5-4798-96CA-68F987770D65} = {16439374-B8DB-4643-8116-EB3358B49A12}
		{A7D3FB7F-769B-4F36-9E3E-3FB71F24D306} = {16439374-B8DB-4643-8116-EB3358B49A12}
		{1B2DF710-E500-49E5-8802-EBA71A05E827} = {16439374-B8DB-4643-8116-EB3358B49A12}
		{8185163E-A67C-4C0E-8548-67E2A9F16309} = {16439374-B8DB-4643-8116-EB3358B49A12}
		{F04C3F79-2E08-4D35-A804-43039DCB7F5E} = {4AA67AB0-C331-4CB2-9C00-B74F5DE31658}
		{D9A41382-444E-44ED-B638-3D8F06F2FBC2} = {16439374-B8DB-4643-8116-EB3358B49A12}
		{124152F8-FAE6-4D4B-87B9-6074DD365E9B} = {16439374-B8DB-4643-8116-EB3358B49A12}
		{7EB2430B-6BC0-4AE9-B1FA-57C3DB2AE1C5} = {16439374-B8DB-4643-8116-EB3358B49A12}
	EndGlobalSection
	GlobalSection(MonoDevelopProperties) = preSolution
		Policies = $0
		$0.TextStylePolicy = $1
		$1.FileWidth = 80
		$1.scope = text/x-cgsrc
	EndGlobalSection
EndGlobal
